
Microsoft Visual Studio Solution File, Format Version 12.00
# Visual Studio Version 17
VisualStudioVersion = 17.5.002.0
MinimumVisualStudioVersion = 10.0.40219.1
Project("{9A19103F-16F7-4668-BE54-9A1E7A4F7556}") = "minimal", "minimal.csproj", "{5C8B6634-9D51-4E3F-882B-FF7CDE1E8D8B}"
EndProject
Global
	GlobalSection(SolutionConfigurationPlatforms) = preSolution
		Debug|Any CPU = Debug|Any CPU
		Release|Any CPU = Release|Any CPU
	EndGlobalSection
	GlobalSection(ProjectConfigurationPlatforms) = postSolution
		{5C8B6634-9D51-4E3F-882B-FF7CDE1E8D8B}.Debug|Any CPU.ActiveCfg = Debug|Any CPU
		{5C8B6634-9D51-4E3F-882B-FF7CDE1E8D8B}.Debug|Any CPU.Build.0 = Debug|Any CPU
		{5C8B6634-9D51-4E3F-882B-FF7CDE1E8D8B}.Release|Any CPU.ActiveCfg = Release|Any CPU
		{5C8B6634-9D51-4E3F-882B-FF7CDE1E8D8B}.Release|Any CPU.Build.0 = Release|Any CPU
	EndGlobalSection
	GlobalSection(SolutionProperties) = preSolution
		HideSolutionNode = FALSE
	EndGlobalSection
	GlobalSection(ExtensibilityGlobals) = postSolution
		SolutionGuid = {CCA86835-479F-4096-9353-70E32478EFE3}
	EndGlobalSection
EndGlobal
